
Microsoft Visual Studio Solution File, Format Version 12.00
# Visual Studio Version 17
VisualStudioVersion = 17.9.34723.18
MinimumVisualStudioVersion = 10.0.40219.1
Project("{9A19103F-16F7-4668-BE54-9A1E7A4F7556}") = "StayFIT_CORE", "StayFIT_CORE\StayFIT_CORE.csproj", "{C059C216-70A6-4981-AEBA-E94F9C90281C}"
EndProject
Project("{9A19103F-16F7-4668-BE54-9A1E7A4F7556}") = "StayFIT_DAL", "StayFIT_DAL\StayFIT_DAL.csproj", "{F34AE4D0-3778-4991-B97D-51661552DF96}"
EndProject
Project("{9A19103F-16F7-4668-BE54-9A1E7A4F7556}") = "StayFIT_SERVICE", "StayFIT_SERVICE\StayFIT_SERVICE.csproj", "{A1F31EB2-C3BA-4AE3-A048-6D559BA7C086}"
EndProject
Project("{FAE04EC0-301F-11D3-BF4B-00C04F79EFBC}") = "StayFIT_WFormUI", "StayFIT_WFormUI\StayFIT_WFormUI.csproj", "{AA9D1816-1FAF-49F8-A248-69C84661FB6D}"
EndProject
Global
	GlobalSection(SolutionConfigurationPlatforms) = preSolution
		Debug|Any CPU = Debug|Any CPU
		Release|Any CPU = Release|Any CPU
	EndGlobalSection
	GlobalSection(ProjectConfigurationPlatforms) = postSolution
		{C059C216-70A6-4981-AEBA-E94F9C90281C}.Debug|Any CPU.ActiveCfg = Debug|Any CPU
		{C059C216-70A6-4981-AEBA-E94F9C90281C}.Debug|Any CPU.Build.0 = Debug|Any CPU
		{C059C216-70A6-4981-AEBA-E94F9C90281C}.Release|Any CPU.ActiveCfg = Release|Any CPU
		{C059C216-70A6-4981-AEBA-E94F9C90281C}.Release|Any CPU.Build.0 = Release|Any CPU
		{F34AE4D0-3778-4991-B97D-51661552DF96}.Debug|Any CPU.ActiveCfg = Debug|Any CPU
		{F34AE4D0-3778-4991-B97D-51661552DF96}.Debug|Any CPU.Build.0 = Debug|Any CPU
		{F34AE4D0-3778-4991-B97D-51661552DF96}.Release|Any CPU.ActiveCfg = Release|Any CPU
		{F34AE4D0-3778-4991-B97D-51661552DF96}.Release|Any CPU.Build.0 = Release|Any CPU
		{A1F31EB2-C3BA-4AE3-A048-6D559BA7C086}.Debug|Any CPU.ActiveCfg = Debug|Any CPU
		{A1F31EB2-C3BA-4AE3-A048-6D559BA7C086}.Debug|Any CPU.Build.0 = Debug|Any CPU
		{A1F31EB2-C3BA-4AE3-A048-6D559BA7C086}.Release|Any CPU.ActiveCfg = Release|Any CPU
		{A1F31EB2-C3BA-4AE3-A048-6D559BA7C086}.Release|Any CPU.Build.0 = Release|Any CPU
		{AA9D1816-1FAF-49F8-A248-69C84661FB6D}.Debug|Any CPU.ActiveCfg = Debug|Any CPU
		{AA9D1816-1FAF-49F8-A248-69C84661FB6D}.Debug|Any CPU.Build.0 = Debug|Any CPU
		{AA9D1816-1FAF-49F8-A248-69C84661FB6D}.Release|Any CPU.ActiveCfg = Release|Any CPU
		{AA9D1816-1FAF-49F8-A248-69C84661FB6D}.Release|Any CPU.Build.0 = Release|Any CPU
	EndGlobalSection
	GlobalSection(SolutionProperties) = preSolution
		HideSolutionNode = FALSE
	EndGlobalSection
	GlobalSection(ExtensibilityGlobals) = postSolution
		SolutionGuid = {98970475-4D4A-4EF6-AA00-CB3BF9FD7E4F}
	EndGlobalSection
EndGlobal
